
Microsoft Visual Studio Solution File, Format Version 12.00
# Visual Studio 2013
VisualStudioVersion = 12.0.30501.0
MinimumVisualStudioVersion = 10.0.40219.1
Project("{FAE04EC0-301F-11D3-BF4B-00C04F79EFBC}") = "Daytona", "Daytona\Daytona.csproj", "{626CB1E5-251F-4A23-8D7D-C3A7B35F67D2}"
EndProject
Project("{2150E333-8FDC-42A3-9474-1A3956D46DE8}") = ".nuget", ".nuget", "{D1F18DDE-E70B-4CAC-AD0C-664D76FC25F6}"
	ProjectSection(SolutionItems) = preProject
		Daytona\.nuget\NuGet.Config = Daytona\.nuget\NuGet.Config
		Daytona\.nuget\NuGet.exe = Daytona\.nuget\NuGet.exe
		Daytona\.nuget\NuGet.targets = Daytona\.nuget\NuGet.targets
	EndProjectSection
EndProject
Project("{FAE04EC0-301F-11D3-BF4B-00C04F79EFBC}") = "Samples", "Samples\Samples.csproj", "{EA61CC4D-924C-4612-81BF-608FC6E49025}"
EndProject
Project("{FAE04EC0-301F-11D3-BF4B-00C04F79EFBC}") = "MessageSender", "MessageSender\MessageSender.csproj", "{50909D8D-A409-45B1-91B8-BD21C95FDCD1}"
EndProject
Project("{FAE04EC0-301F-11D3-BF4B-00C04F79EFBC}") = "DaytonaTests", "DaytonaTests\DaytonaTests.csproj", "{BF423A2A-A885-4ED7-9C84-24280175573A}"
EndProject
Project("{FAE04EC0-301F-11D3-BF4B-00C04F79EFBC}") = "TestHelpers", "TestHelpers\TestHelpers.csproj", "{9E8D7D0C-488E-49C9-B441-7250FA62BFF6}"
EndProject
Project("{FAE04EC0-301F-11D3-BF4B-00C04F79EFBC}") = "Pipe", "Pipe\Pipe.csproj", "{BE4502CF-5ED6-4F61-9D2A-37672D6AB537}"
EndProject
Project("{FAE04EC0-301F-11D3-BF4B-00C04F79EFBC}") = "Store", "Store\Store.csproj", "{BA4E4940-1CB8-4DD5-8A56-45D63AE1E0FD}"
EndProject
Project("{FAE04EC0-301F-11D3-BF4B-00C04F79EFBC}") = "StoreTests", "StoreTests\StoreTests.csproj", "{DAA96935-C584-42B9-9E59-7AEFDC7655C8}"
EndProject
Project("{FAE04EC0-301F-11D3-BF4B-00C04F79EFBC}") = "Monitor", "Monitor\Monitor.csproj", "{BC8AE784-A3B3-4762-BF62-FCE36F7F2D96}"
EndProject
Project("{FAE04EC0-301F-11D3-BF4B-00C04F79EFBC}") = "WeatherServer", "WeatherServer\WeatherServer.csproj", "{70D4D564-3A51-4C1A-8D2D-68AF0E57F712}"
EndProject
Project("{FAE04EC0-301F-11D3-BF4B-00C04F79EFBC}") = "WeatherClient", "WeatherClient\WeatherClient.csproj", "{1058A2AC-521A-4230-ABC3-F8E07947150F}"
EndProject
Project("{FAE04EC0-301F-11D3-BF4B-00C04F79EFBC}") = "DynamicProxyImplementation", "DynamicProxyImplementation\DynamicProxyImplementation.csproj", "{054A4F0C-156C-4566-A072-AFEF90EFD58F}"
EndProject
Global
	GlobalSection(SolutionConfigurationPlatforms) = preSolution
		Debug|Any CPU = Debug|Any CPU
		Debug|x64 = Debug|x64
		Debug|x86 = Debug|x86
		Release|Any CPU = Release|Any CPU
		Release|x64 = Release|x64
		Release|x86 = Release|x86
	EndGlobalSection
	GlobalSection(ProjectConfigurationPlatforms) = postSolution
		{626CB1E5-251F-4A23-8D7D-C3A7B35F67D2}.Debug|Any CPU.ActiveCfg = Debug|Any CPU
		{626CB1E5-251F-4A23-8D7D-C3A7B35F67D2}.Debug|Any CPU.Build.0 = Debug|Any CPU
		{626CB1E5-251F-4A23-8D7D-C3A7B35F67D2}.Debug|x64.ActiveCfg = Debug|x64
		{626CB1E5-251F-4A23-8D7D-C3A7B35F67D2}.Debug|x64.Build.0 = Debug|x64
		{626CB1E5-251F-4A23-8D7D-C3A7B35F67D2}.Debug|x86.ActiveCfg = Debug|x86
		{626CB1E5-251F-4A23-8D7D-C3A7B35F67D2}.Debug|x86.Build.0 = Debug|x86
		{626CB1E5-251F-4A23-8D7D-C3A7B35F67D2}.Release|Any CPU.ActiveCfg = Release|Any CPU
		{626CB1E5-251F-4A23-8D7D-C3A7B35F67D2}.Release|Any CPU.Build.0 = Release|Any CPU
		{626CB1E5-251F-4A23-8D7D-C3A7B35F67D2}.Release|x64.ActiveCfg = Release|x64
		{626CB1E5-251F-4A23-8D7D-C3A7B35F67D2}.Release|x64.Build.0 = Release|x64
		{626CB1E5-251F-4A23-8D7D-C3A7B35F67D2}.Release|x86.ActiveCfg = Release|x86
		{626CB1E5-251F-4A23-8D7D-C3A7B35F67D2}.Release|x86.Build.0 = Release|x86
		{EA61CC4D-924C-4612-81BF-608FC6E49025}.Debug|Any CPU.ActiveCfg = Debug|Any CPU
		{EA61CC4D-924C-4612-81BF-608FC6E49025}.Debug|Any CPU.Build.0 = Debug|Any CPU
		{EA61CC4D-924C-4612-81BF-608FC6E49025}.Debug|x64.ActiveCfg = Debug|x64
		{EA61CC4D-924C-4612-81BF-608FC6E49025}.Debug|x64.Build.0 = Debug|x64
		{EA61CC4D-924C-4612-81BF-608FC6E49025}.Debug|x86.ActiveCfg = Debug|x86
		{EA61CC4D-924C-4612-81BF-608FC6E49025}.Debug|x86.Build.0 = Debug|x86
		{EA61CC4D-924C-4612-81BF-608FC6E49025}.Release|Any CPU.ActiveCfg = Release|Any CPU
		{EA61CC4D-924C-4612-81BF-608FC6E49025}.Release|Any CPU.Build.0 = Release|Any CPU
		{EA61CC4D-924C-4612-81BF-608FC6E49025}.Release|x64.ActiveCfg = Release|x64
		{EA61CC4D-924C-4612-81BF-608FC6E49025}.Release|x64.Build.0 = Release|x64
		{EA61CC4D-924C-4612-81BF-608FC6E49025}.Release|x86.ActiveCfg = Release|x86
		{EA61CC4D-924C-4612-81BF-608FC6E49025}.Release|x86.Build.0 = Release|x86
		{50909D8D-A409-45B1-91B8-BD21C95FDCD1}.Debug|Any CPU.ActiveCfg = Debug|Any CPU
		{50909D8D-A409-45B1-91B8-BD21C95FDCD1}.Debug|Any CPU.Build.0 = Debug|Any CPU
		{50909D8D-A409-45B1-91B8-BD21C95FDCD1}.Debug|x64.ActiveCfg = Debug|x64
		{50909D8D-A409-45B1-91B8-BD21C95FDCD1}.Debug|x64.Build.0 = Debug|x64
		{50909D8D-A409-45B1-91B8-BD21C95FDCD1}.Debug|x86.ActiveCfg = Debug|x86
		{50909D8D-A409-45B1-91B8-BD21C95FDCD1}.Debug|x86.Build.0 = Debug|x86
		{50909D8D-A409-45B1-91B8-BD21C95FDCD1}.Release|Any CPU.ActiveCfg = Release|Any CPU
		{50909D8D-A409-45B1-91B8-BD21C95FDCD1}.Release|Any CPU.Build.0 = Release|Any CPU
		{50909D8D-A409-45B1-91B8-BD21C95FDCD1}.Release|x64.ActiveCfg = Release|x64
		{50909D8D-A409-45B1-91B8-BD21C95FDCD1}.Release|x64.Build.0 = Release|x64
		{50909D8D-A409-45B1-91B8-BD21C95FDCD1}.Release|x86.ActiveCfg = Release|x86
		{50909D8D-A409-45B1-91B8-BD21C95FDCD1}.Release|x86.Build.0 = Release|x86
		{BF423A2A-A885-4ED7-9C84-24280175573A}.Debug|Any CPU.ActiveCfg = Debug|Any CPU
		{BF423A2A-A885-4ED7-9C84-24280175573A}.Debug|Any CPU.Build.0 = Debug|Any CPU
		{BF423A2A-A885-4ED7-9C84-24280175573A}.Debug|x64.ActiveCfg = Debug|x64
		{BF423A2A-A885-4ED7-9C84-24280175573A}.Debug|x64.Build.0 = Debug|x64
		{BF423A2A-A885-4ED7-9C84-24280175573A}.Debug|x86.ActiveCfg = Debug|x86
		{BF423A2A-A885-4ED7-9C84-24280175573A}.Debug|x86.Build.0 = Debug|x86
		{BF423A2A-A885-4ED7-9C84-24280175573A}.Release|Any CPU.ActiveCfg = Release|Any CPU
		{BF423A2A-A885-4ED7-9C84-24280175573A}.Release|Any CPU.Build.0 = Release|Any CPU
		{BF423A2A-A885-4ED7-9C84-24280175573A}.Release|x64.ActiveCfg = Release|x64
		{BF423A2A-A885-4ED7-9C84-24280175573A}.Release|x64.Build.0 = Release|x64
		{BF423A2A-A885-4ED7-9C84-24280175573A}.Release|x86.ActiveCfg = Release|x86
		{BF423A2A-A885-4ED7-9C84-24280175573A}.Release|x86.Build.0 = Release|x86
		{9E8D7D0C-488E-49C9-B441-7250FA62BFF6}.Debug|Any CPU.ActiveCfg = Debug|Any CPU
		{9E8D7D0C-488E-49C9-B441-7250FA62BFF6}.Debug|Any CPU.Build.0 = Debug|Any CPU
		{9E8D7D0C-488E-49C9-B441-7250FA62BFF6}.Debug|x64.ActiveCfg = Debug|x64
		{9E8D7D0C-488E-49C9-B441-7250FA62BFF6}.Debug|x64.Build.0 = Debug|x64
		{9E8D7D0C-488E-49C9-B441-7250FA62BFF6}.Debug|x86.ActiveCfg = Debug|x86
		{9E8D7D0C-488E-49C9-B441-7250FA62BFF6}.Debug|x86.Build.0 = Debug|x86
		{9E8D7D0C-488E-49C9-B441-7250FA62BFF6}.Release|Any CPU.ActiveCfg = Release|Any CPU
		{9E8D7D0C-488E-49C9-B441-7250FA62BFF6}.Release|Any CPU.Build.0 = Release|Any CPU
		{9E8D7D0C-488E-49C9-B441-7250FA62BFF6}.Release|x64.ActiveCfg = Release|x64
		{9E8D7D0C-488E-49C9-B441-7250FA62BFF6}.Release|x64.Build.0 = Release|x64
		{9E8D7D0C-488E-49C9-B441-7250FA62BFF6}.Release|x86.ActiveCfg = Release|x86
		{9E8D7D0C-488E-49C9-B441-7250FA62BFF6}.Release|x86.Build.0 = Release|x86
		{BE4502CF-5ED6-4F61-9D2A-37672D6AB537}.Debug|Any CPU.ActiveCfg = Debug|Any CPU
		{BE4502CF-5ED6-4F61-9D2A-37672D6AB537}.Debug|Any CPU.Build.0 = Debug|Any CPU
		{BE4502CF-5ED6-4F61-9D2A-37672D6AB537}.Debug|x64.ActiveCfg = Debug|x64
		{BE4502CF-5ED6-4F61-9D2A-37672D6AB537}.Debug|x64.Build.0 = Debug|x64
		{BE4502CF-5ED6-4F61-9D2A-37672D6AB537}.Debug|x86.ActiveCfg = Debug|x86
		{BE4502CF-5ED6-4F61-9D2A-37672D6AB537}.Debug|x86.Build.0 = Debug|x86
		{BE4502CF-5ED6-4F61-9D2A-37672D6AB537}.Release|Any CPU.ActiveCfg = Release|Any CPU
		{BE4502CF-5ED6-4F61-9D2A-37672D6AB537}.Release|Any CPU.Build.0 = Release|Any CPU
		{BE4502CF-5ED6-4F61-9D2A-37672D6AB537}.Release|x64.ActiveCfg = Release|x64
		{BE4502CF-5ED6-4F61-9D2A-37672D6AB537}.Release|x64.Build.0 = Release|x64
		{BE4502CF-5ED6-4F61-9D2A-37672D6AB537}.Release|x86.ActiveCfg = Release|x86
		{BE4502CF-5ED6-4F61-9D2A-37672D6AB537}.Release|x86.Build.0 = Release|x86
		{BA4E4940-1CB8-4DD5-8A56-45D63AE1E0FD}.Debug|Any CPU.ActiveCfg = Debug|Any CPU
		{BA4E4940-1CB8-4DD5-8A56-45D63AE1E0FD}.Debug|Any CPU.Build.0 = Debug|Any CPU
		{BA4E4940-1CB8-4DD5-8A56-45D63AE1E0FD}.Debug|x64.ActiveCfg = Debug|x64
		{BA4E4940-1CB8-4DD5-8A56-45D63AE1E0FD}.Debug|x64.Build.0 = Debug|x64
		{BA4E4940-1CB8-4DD5-8A56-45D63AE1E0FD}.Debug|x86.ActiveCfg = Debug|x86
		{BA4E4940-1CB8-4DD5-8A56-45D63AE1E0FD}.Debug|x86.Build.0 = Debug|x86
		{BA4E4940-1CB8-4DD5-8A56-45D63AE1E0FD}.Release|Any CPU.ActiveCfg = Release|Any CPU
		{BA4E4940-1CB8-4DD5-8A56-45D63AE1E0FD}.Release|Any CPU.Build.0 = Release|Any CPU
		{BA4E4940-1CB8-4DD5-8A56-45D63AE1E0FD}.Release|x64.ActiveCfg = Release|x64
		{BA4E4940-1CB8-4DD5-8A56-45D63AE1E0FD}.Release|x64.Build.0 = Release|x64
		{BA4E4940-1CB8-4DD5-8A56-45D63AE1E0FD}.Release|x86.ActiveCfg = Release|x86
		{BA4E4940-1CB8-4DD5-8A56-45D63AE1E0FD}.Release|x86.Build.0 = Release|x86
		{DAA96935-C584-42B9-9E59-7AEFDC7655C8}.Debug|Any CPU.ActiveCfg = Debug|Any CPU
		{DAA96935-C584-42B9-9E59-7AEFDC7655C8}.Debug|Any CPU.Build.0 = Debug|Any CPU
		{DAA96935-C584-42B9-9E59-7AEFDC7655C8}.Debug|x64.ActiveCfg = Debug|x64
		{DAA96935-C584-42B9-9E59-7AEFDC7655C8}.Debug|x64.Build.0 = Debug|x64
		{DAA96935-C584-42B9-9E59-7AEFDC7655C8}.Debug|x86.ActiveCfg = Debug|x86
		{DAA96935-C584-42B9-9E59-7AEFDC7655C8}.Debug|x86.Build.0 = Debug|x86
		{DAA96935-C584-42B9-9E59-7AEFDC7655C8}.Release|Any CPU.ActiveCfg = Release|Any CPU
		{DAA96935-C584-42B9-9E59-7AEFDC7655C8}.Release|Any CPU.Build.0 = Release|Any CPU
		{DAA96935-C584-42B9-9E59-7AEFDC7655C8}.Release|x64.ActiveCfg = Release|x64
		{DAA96935-C584-42B9-9E59-7AEFDC7655C8}.Release|x64.Build.0 = Release|x64
		{DAA96935-C584-42B9-9E59-7AEFDC7655C8}.Release|x86.ActiveCfg = Release|x86
		{DAA96935-C584-42B9-9E59-7AEFDC7655C8}.Release|x86.Build.0 = Release|x86
		{BC8AE784-A3B3-4762-BF62-FCE36F7F2D96}.Debug|Any CPU.ActiveCfg = Debug|Any CPU
		{BC8AE784-A3B3-4762-BF62-FCE36F7F2D96}.Debug|Any CPU.Build.0 = Debug|Any CPU
		{BC8AE784-A3B3-4762-BF62-FCE36F7F2D96}.Debug|x64.ActiveCfg = Debug|x64
		{BC8AE784-A3B3-4762-BF62-FCE36F7F2D96}.Debug|x64.Build.0 = Debug|x64
		{BC8AE784-A3B3-4762-BF62-FCE36F7F2D96}.Debug|x86.ActiveCfg = Debug|x86
		{BC8AE784-A3B3-4762-BF62-FCE36F7F2D96}.Debug|x86.Build.0 = Debug|x86
		{BC8AE784-A3B3-4762-BF62-FCE36F7F2D96}.Release|Any CPU.ActiveCfg = Release|Any CPU
		{BC8AE784-A3B3-4762-BF62-FCE36F7F2D96}.Release|Any CPU.Build.0 = Release|Any CPU
		{BC8AE784-A3B3-4762-BF62-FCE36F7F2D96}.Release|x64.ActiveCfg = Release|x64
		{BC8AE784-A3B3-4762-BF62-FCE36F7F2D96}.Release|x64.Build.0 = Release|x64
		{BC8AE784-A3B3-4762-BF62-FCE36F7F2D96}.Release|x86.ActiveCfg = Release|x86
		{BC8AE784-A3B3-4762-BF62-FCE36F7F2D96}.Release|x86.Build.0 = Release|x86
		{70D4D564-3A51-4C1A-8D2D-68AF0E57F712}.Debug|Any CPU.ActiveCfg = Debug|Any CPU
		{70D4D564-3A51-4C1A-8D2D-68AF0E57F712}.Debug|Any CPU.Build.0 = Debug|Any CPU
		{70D4D564-3A51-4C1A-8D2D-68AF0E57F712}.Debug|x64.ActiveCfg = Debug|x64
		{70D4D564-3A51-4C1A-8D2D-68AF0E57F712}.Debug|x64.Build.0 = Debug|x64
		{70D4D564-3A51-4C1A-8D2D-68AF0E57F712}.Debug|x86.ActiveCfg = Debug|x86
		{70D4D564-3A51-4C1A-8D2D-68AF0E57F712}.Debug|x86.Build.0 = Debug|x86
		{70D4D564-3A51-4C1A-8D2D-68AF0E57F712}.Release|Any CPU.ActiveCfg = Release|Any CPU
		{70D4D564-3A51-4C1A-8D2D-68AF0E57F712}.Release|Any CPU.Build.0 = Release|Any CPU
		{70D4D564-3A51-4C1A-8D2D-68AF0E57F712}.Release|x64.ActiveCfg = Release|x64
		{70D4D564-3A51-4C1A-8D2D-68AF0E57F712}.Release|x64.Build.0 = Release|x64
		{70D4D564-3A51-4C1A-8D2D-68AF0E57F712}.Release|x86.ActiveCfg = Release|x86
		{70D4D564-3A51-4C1A-8D2D-68AF0E57F712}.Release|x86.Build.0 = Release|x86
		{1058A2AC-521A-4230-ABC3-F8E07947150F}.Debug|Any CPU.ActiveCfg = Debug|Any CPU
		{1058A2AC-521A-4230-ABC3-F8E07947150F}.Debug|Any CPU.Build.0 = Debug|Any CPU
		{1058A2AC-521A-4230-ABC3-F8E07947150F}.Debug|x64.ActiveCfg = Debug|x64
		{1058A2AC-521A-4230-ABC3-F8E07947150F}.Debug|x64.Build.0 = Debug|x64
		{1058A2AC-521A-4230-ABC3-F8E07947150F}.Debug|x86.ActiveCfg = Debug|x86
		{1058A2AC-521A-4230-ABC3-F8E07947150F}.Debug|x86.Build.0 = Debug|x86
		{1058A2AC-521A-4230-ABC3-F8E07947150F}.Release|Any CPU.ActiveCfg = Release|Any CPU
		{1058A2AC-521A-4230-ABC3-F8E07947150F}.Release|Any CPU.Build.0 = Release|Any CPU
		{1058A2AC-521A-4230-ABC3-F8E07947150F}.Release|x64.ActiveCfg = Release|x64
		{1058A2AC-521A-4230-ABC3-F8E07947150F}.Release|x64.Build.0 = Release|x64
		{1058A2AC-521A-4230-ABC3-F8E07947150F}.Release|x86.ActiveCfg = Release|x86
		{1058A2AC-521A-4230-ABC3-F8E07947150F}.Release|x86.Build.0 = Release|x86
		{054A4F0C-156C-4566-A072-AFEF90EFD58F}.Debug|Any CPU.ActiveCfg = Debug|Any CPU
		{054A4F0C-156C-4566-A072-AFEF90EFD58F}.Debug|Any CPU.Build.0 = Debug|Any CPU
		{054A4F0C-156C-4566-A072-AFEF90EFD58F}.Debug|x64.ActiveCfg = Debug|Any CPU
		{054A4F0C-156C-4566-A072-AFEF90EFD58F}.Debug|x86.ActiveCfg = Debug|Any CPU
		{054A4F0C-156C-4566-A072-AFEF90EFD58F}.Release|Any CPU.ActiveCfg = Release|Any CPU
		{054A4F0C-156C-4566-A072-AFEF90EFD58F}.Release|Any CPU.Build.0 = Release|Any CPU
		{054A4F0C-156C-4566-A072-AFEF90EFD58F}.Release|x64.ActiveCfg = Release|Any CPU
		{054A4F0C-156C-4566-A072-AFEF90EFD58F}.Release|x86.ActiveCfg = Release|Any CPU
	EndGlobalSection
	GlobalSection(SolutionProperties) = preSolution
		HideSolutionNode = FALSE
	EndGlobalSection
EndGlobal
