
Microsoft Visual Studio Solution File, Format Version 12.00
# Visual Studio Version 16
VisualStudioVersion = 16.0.28803.452
MinimumVisualStudioVersion = 10.0.40219.1
Project("{FAE04EC0-301F-11D3-BF4B-00C04F79EFBC}") = "Daytona", "Daytona\Daytona.csproj", "{626CB1E5-251F-4A23-8D7D-C3A7B35F67D2}"
EndProject
Project("{2150E333-8FDC-42A3-9474-1A3956D46DE8}") = ".nuget", ".nuget", "{D1F18DDE-E70B-4CAC-AD0C-664D76FC25F6}"
	ProjectSection(SolutionItems) = preProject
		Daytona\.nuget\NuGet.Config = Daytona\.nuget\NuGet.Config
		Daytona\.nuget\NuGet.exe = Daytona\.nuget\NuGet.exe
		Daytona\.nuget\NuGet.targets = Daytona\.nuget\NuGet.targets
	EndProjectSection
EndProject
Project("{FAE04EC0-301F-11D3-BF4B-00C04F79EFBC}") = "DaytonaTests", "DaytonaTests\DaytonaTests.csproj", "{BF423A2A-A885-4ED7-9C84-24280175573A}"
EndProject
Project("{FAE04EC0-301F-11D3-BF4B-00C04F79EFBC}") = "TestHelpers", "TestHelpers\TestHelpers.csproj", "{9E8D7D0C-488E-49C9-B441-7250FA62BFF6}"
EndProject
Project("{FAE04EC0-301F-11D3-BF4B-00C04F79EFBC}") = "Pipe", "Pipe\Pipe.csproj", "{BE4502CF-5ED6-4F61-9D2A-37672D6AB537}"
EndProject
Project("{FAE04EC0-301F-11D3-BF4B-00C04F79EFBC}") = "Monitor", "Monitor\Monitor.csproj", "{BC8AE784-A3B3-4762-BF62-FCE36F7F2D96}"
EndProject
Project("{FAE04EC0-301F-11D3-BF4B-00C04F79EFBC}") = "MonitorNetMq", "MonitorNetMq\MonitorNetMq.csproj", "{CE32524C-E084-44AE-8D2C-248952B74D69}"
EndProject
Project("{FAE04EC0-301F-11D3-BF4B-00C04F79EFBC}") = "Displaymessages", "Displaymessages\Displaymessages.csproj", "{5CFFEE8F-BBB6-460B-86D9-F0601FC35F80}"
EndProject
Project("{FAE04EC0-301F-11D3-BF4B-00C04F79EFBC}") = "Silo", "Silo\Silo.csproj", "{68F6F93C-266C-4786-A284-4BA335CF2CCC}"
EndProject
Project("{2150E333-8FDC-42A3-9474-1A3956D46DE8}") = "Solution Items", "Solution Items", "{D31AE19F-6C17-46DB-B741-0F9691C9B7B8}"
	ProjectSection(SolutionItems) = preProject
		Performance1.psess = Performance1.psess
	EndProjectSection
EndProject
Project("{FAE04EC0-301F-11D3-BF4B-00C04F79EFBC}") = "Counter", "Counter\Counter.csproj", "{C3E8E028-11F6-4F18-9826-4AB8405B1C69}"
EndProject
Project("{FAE04EC0-301F-11D3-BF4B-00C04F79EFBC}") = "TestHelpersTests", "TestHelpersTests\TestHelpersTests.csproj", "{68847D12-FF5B-4C8E-8A73-6580E369ED62}"
EndProject
Project("{FAE04EC0-301F-11D3-BF4B-00C04F79EFBC}") = "ConsoleReaderWriter", "ConsoleReaderWriter\ConsoleReaderWriter.csproj", "{176CA4B8-50AB-4EA6-8E0F-48C15DBB4798}"
EndProject
Global
	GlobalSection(SolutionConfigurationPlatforms) = preSolution
		Debug|Any CPU = Debug|Any CPU
		Debug|x64 = Debug|x64
		Debug|x86 = Debug|x86
		Release|Any CPU = Release|Any CPU
		Release|x64 = Release|x64
		Release|x86 = Release|x86
	EndGlobalSection
	GlobalSection(ProjectConfigurationPlatforms) = postSolution
		{626CB1E5-251F-4A23-8D7D-C3A7B35F67D2}.Debug|Any CPU.ActiveCfg = Debug|Any CPU
		{626CB1E5-251F-4A23-8D7D-C3A7B35F67D2}.Debug|Any CPU.Build.0 = Debug|Any CPU
		{626CB1E5-251F-4A23-8D7D-C3A7B35F67D2}.Debug|x64.ActiveCfg = Debug|x64
		{626CB1E5-251F-4A23-8D7D-C3A7B35F67D2}.Debug|x64.Build.0 = Debug|x64
		{626CB1E5-251F-4A23-8D7D-C3A7B35F67D2}.Debug|x86.ActiveCfg = Debug|x86
		{626CB1E5-251F-4A23-8D7D-C3A7B35F67D2}.Debug|x86.Build.0 = Debug|x86
		{626CB1E5-251F-4A23-8D7D-C3A7B35F67D2}.Release|Any CPU.ActiveCfg = Release|Any CPU
		{626CB1E5-251F-4A23-8D7D-C3A7B35F67D2}.Release|Any CPU.Build.0 = Release|Any CPU
		{626CB1E5-251F-4A23-8D7D-C3A7B35F67D2}.Release|x64.ActiveCfg = Release|x64
		{626CB1E5-251F-4A23-8D7D-C3A7B35F67D2}.Release|x64.Build.0 = Release|x64
		{626CB1E5-251F-4A23-8D7D-C3A7B35F67D2}.Release|x86.ActiveCfg = Release|x86
		{626CB1E5-251F-4A23-8D7D-C3A7B35F67D2}.Release|x86.Build.0 = Release|x86
		{BF423A2A-A885-4ED7-9C84-24280175573A}.Debug|Any CPU.ActiveCfg = Debug|Any CPU
		{BF423A2A-A885-4ED7-9C84-24280175573A}.Debug|Any CPU.Build.0 = Debug|Any CPU
		{BF423A2A-A885-4ED7-9C84-24280175573A}.Debug|x64.ActiveCfg = Debug|x64
		{BF423A2A-A885-4ED7-9C84-24280175573A}.Debug|x64.Build.0 = Debug|x64
		{BF423A2A-A885-4ED7-9C84-24280175573A}.Debug|x86.ActiveCfg = Debug|x86
		{BF423A2A-A885-4ED7-9C84-24280175573A}.Debug|x86.Build.0 = Debug|x86
		{BF423A2A-A885-4ED7-9C84-24280175573A}.Release|Any CPU.ActiveCfg = Release|Any CPU
		{BF423A2A-A885-4ED7-9C84-24280175573A}.Release|Any CPU.Build.0 = Release|Any CPU
		{BF423A2A-A885-4ED7-9C84-24280175573A}.Release|x64.ActiveCfg = Release|x64
		{BF423A2A-A885-4ED7-9C84-24280175573A}.Release|x64.Build.0 = Release|x64
		{BF423A2A-A885-4ED7-9C84-24280175573A}.Release|x86.ActiveCfg = Release|x86
		{BF423A2A-A885-4ED7-9C84-24280175573A}.Release|x86.Build.0 = Release|x86
		{9E8D7D0C-488E-49C9-B441-7250FA62BFF6}.Debug|Any CPU.ActiveCfg = Debug|Any CPU
		{9E8D7D0C-488E-49C9-B441-7250FA62BFF6}.Debug|Any CPU.Build.0 = Debug|Any CPU
		{9E8D7D0C-488E-49C9-B441-7250FA62BFF6}.Debug|x64.ActiveCfg = Debug|x64
		{9E8D7D0C-488E-49C9-B441-7250FA62BFF6}.Debug|x64.Build.0 = Debug|x64
		{9E8D7D0C-488E-49C9-B441-7250FA62BFF6}.Debug|x86.ActiveCfg = Debug|x86
		{9E8D7D0C-488E-49C9-B441-7250FA62BFF6}.Debug|x86.Build.0 = Debug|x86
		{9E8D7D0C-488E-49C9-B441-7250FA62BFF6}.Release|Any CPU.ActiveCfg = Release|Any CPU
		{9E8D7D0C-488E-49C9-B441-7250FA62BFF6}.Release|Any CPU.Build.0 = Release|Any CPU
		{9E8D7D0C-488E-49C9-B441-7250FA62BFF6}.Release|x64.ActiveCfg = Release|x64
		{9E8D7D0C-488E-49C9-B441-7250FA62BFF6}.Release|x64.Build.0 = Release|x64
		{9E8D7D0C-488E-49C9-B441-7250FA62BFF6}.Release|x86.ActiveCfg = Release|x86
		{9E8D7D0C-488E-49C9-B441-7250FA62BFF6}.Release|x86.Build.0 = Release|x86
		{BE4502CF-5ED6-4F61-9D2A-37672D6AB537}.Debug|Any CPU.ActiveCfg = Debug|Any CPU
		{BE4502CF-5ED6-4F61-9D2A-37672D6AB537}.Debug|Any CPU.Build.0 = Debug|Any CPU
		{BE4502CF-5ED6-4F61-9D2A-37672D6AB537}.Debug|x64.ActiveCfg = Debug|x64
		{BE4502CF-5ED6-4F61-9D2A-37672D6AB537}.Debug|x64.Build.0 = Debug|x64
		{BE4502CF-5ED6-4F61-9D2A-37672D6AB537}.Debug|x86.ActiveCfg = Debug|x86
		{BE4502CF-5ED6-4F61-9D2A-37672D6AB537}.Debug|x86.Build.0 = Debug|x86
		{BE4502CF-5ED6-4F61-9D2A-37672D6AB537}.Release|Any CPU.ActiveCfg = Release|Any CPU
		{BE4502CF-5ED6-4F61-9D2A-37672D6AB537}.Release|Any CPU.Build.0 = Release|Any CPU
		{BE4502CF-5ED6-4F61-9D2A-37672D6AB537}.Release|x64.ActiveCfg = Release|x64
		{BE4502CF-5ED6-4F61-9D2A-37672D6AB537}.Release|x64.Build.0 = Release|x64
		{BE4502CF-5ED6-4F61-9D2A-37672D6AB537}.Release|x86.ActiveCfg = Release|x86
		{BE4502CF-5ED6-4F61-9D2A-37672D6AB537}.Release|x86.Build.0 = Release|x86
		{BC8AE784-A3B3-4762-BF62-FCE36F7F2D96}.Debug|Any CPU.ActiveCfg = Debug|Any CPU
		{BC8AE784-A3B3-4762-BF62-FCE36F7F2D96}.Debug|Any CPU.Build.0 = Debug|Any CPU
		{BC8AE784-A3B3-4762-BF62-FCE36F7F2D96}.Debug|x64.ActiveCfg = Debug|x64
		{BC8AE784-A3B3-4762-BF62-FCE36F7F2D96}.Debug|x64.Build.0 = Debug|x64
		{BC8AE784-A3B3-4762-BF62-FCE36F7F2D96}.Debug|x86.ActiveCfg = Debug|x86
		{BC8AE784-A3B3-4762-BF62-FCE36F7F2D96}.Debug|x86.Build.0 = Debug|x86
		{BC8AE784-A3B3-4762-BF62-FCE36F7F2D96}.Release|Any CPU.ActiveCfg = Release|Any CPU
		{BC8AE784-A3B3-4762-BF62-FCE36F7F2D96}.Release|Any CPU.Build.0 = Release|Any CPU
		{BC8AE784-A3B3-4762-BF62-FCE36F7F2D96}.Release|x64.ActiveCfg = Release|x64
		{BC8AE784-A3B3-4762-BF62-FCE36F7F2D96}.Release|x64.Build.0 = Release|x64
		{BC8AE784-A3B3-4762-BF62-FCE36F7F2D96}.Release|x86.ActiveCfg = Release|x86
		{BC8AE784-A3B3-4762-BF62-FCE36F7F2D96}.Release|x86.Build.0 = Release|x86
		{CE32524C-E084-44AE-8D2C-248952B74D69}.Debug|Any CPU.ActiveCfg = Debug|Any CPU
		{CE32524C-E084-44AE-8D2C-248952B74D69}.Debug|Any CPU.Build.0 = Debug|Any CPU
		{CE32524C-E084-44AE-8D2C-248952B74D69}.Debug|x64.ActiveCfg = Debug|Any CPU
		{CE32524C-E084-44AE-8D2C-248952B74D69}.Debug|x86.ActiveCfg = Debug|Any CPU
		{CE32524C-E084-44AE-8D2C-248952B74D69}.Release|Any CPU.ActiveCfg = Release|Any CPU
		{CE32524C-E084-44AE-8D2C-248952B74D69}.Release|Any CPU.Build.0 = Release|Any CPU
		{CE32524C-E084-44AE-8D2C-248952B74D69}.Release|x64.ActiveCfg = Release|Any CPU
		{CE32524C-E084-44AE-8D2C-248952B74D69}.Release|x86.ActiveCfg = Release|Any CPU
		{5CFFEE8F-BBB6-460B-86D9-F0601FC35F80}.Debug|Any CPU.ActiveCfg = Debug|Any CPU
		{5CFFEE8F-BBB6-460B-86D9-F0601FC35F80}.Debug|Any CPU.Build.0 = Debug|Any CPU
		{5CFFEE8F-BBB6-460B-86D9-F0601FC35F80}.Debug|x64.ActiveCfg = Debug|Any CPU
		{5CFFEE8F-BBB6-460B-86D9-F0601FC35F80}.Debug|x86.ActiveCfg = Debug|Any CPU
		{5CFFEE8F-BBB6-460B-86D9-F0601FC35F80}.Release|Any CPU.ActiveCfg = Release|Any CPU
		{5CFFEE8F-BBB6-460B-86D9-F0601FC35F80}.Release|Any CPU.Build.0 = Release|Any CPU
		{5CFFEE8F-BBB6-460B-86D9-F0601FC35F80}.Release|x64.ActiveCfg = Release|Any CPU
		{5CFFEE8F-BBB6-460B-86D9-F0601FC35F80}.Release|x86.ActiveCfg = Release|Any CPU
		{68F6F93C-266C-4786-A284-4BA335CF2CCC}.Debug|Any CPU.ActiveCfg = Debug|Any CPU
		{68F6F93C-266C-4786-A284-4BA335CF2CCC}.Debug|Any CPU.Build.0 = Debug|Any CPU
		{68F6F93C-266C-4786-A284-4BA335CF2CCC}.Debug|x64.ActiveCfg = Debug|Any CPU
		{68F6F93C-266C-4786-A284-4BA335CF2CCC}.Debug|x86.ActiveCfg = Debug|Any CPU
		{68F6F93C-266C-4786-A284-4BA335CF2CCC}.Release|Any CPU.ActiveCfg = Release|Any CPU
		{68F6F93C-266C-4786-A284-4BA335CF2CCC}.Release|Any CPU.Build.0 = Release|Any CPU
		{68F6F93C-266C-4786-A284-4BA335CF2CCC}.Release|x64.ActiveCfg = Release|Any CPU
		{68F6F93C-266C-4786-A284-4BA335CF2CCC}.Release|x86.ActiveCfg = Release|Any CPU
		{C3E8E028-11F6-4F18-9826-4AB8405B1C69}.Debug|Any CPU.ActiveCfg = Debug|Any CPU
		{C3E8E028-11F6-4F18-9826-4AB8405B1C69}.Debug|Any CPU.Build.0 = Debug|Any CPU
		{C3E8E028-11F6-4F18-9826-4AB8405B1C69}.Debug|x64.ActiveCfg = Debug|Any CPU
		{C3E8E028-11F6-4F18-9826-4AB8405B1C69}.Debug|x86.ActiveCfg = Debug|Any CPU
		{C3E8E028-11F6-4F18-9826-4AB8405B1C69}.Release|Any CPU.ActiveCfg = Release|Any CPU
		{C3E8E028-11F6-4F18-9826-4AB8405B1C69}.Release|Any CPU.Build.0 = Release|Any CPU
		{C3E8E028-11F6-4F18-9826-4AB8405B1C69}.Release|x64.ActiveCfg = Release|Any CPU
		{C3E8E028-11F6-4F18-9826-4AB8405B1C69}.Release|x86.ActiveCfg = Release|Any CPU
		{68847D12-FF5B-4C8E-8A73-6580E369ED62}.Debug|Any CPU.ActiveCfg = Debug|Any CPU
		{68847D12-FF5B-4C8E-8A73-6580E369ED62}.Debug|Any CPU.Build.0 = Debug|Any CPU
		{68847D12-FF5B-4C8E-8A73-6580E369ED62}.Debug|x64.ActiveCfg = Debug|Any CPU
		{68847D12-FF5B-4C8E-8A73-6580E369ED62}.Debug|x86.ActiveCfg = Debug|Any CPU
		{68847D12-FF5B-4C8E-8A73-6580E369ED62}.Release|Any CPU.ActiveCfg = Release|Any CPU
		{68847D12-FF5B-4C8E-8A73-6580E369ED62}.Release|Any CPU.Build.0 = Release|Any CPU
		{68847D12-FF5B-4C8E-8A73-6580E369ED62}.Release|x64.ActiveCfg = Release|Any CPU
		{68847D12-FF5B-4C8E-8A73-6580E369ED62}.Release|x86.ActiveCfg = Release|Any CPU
		{176CA4B8-50AB-4EA6-8E0F-48C15DBB4798}.Debug|Any CPU.ActiveCfg = Debug|Any CPU
		{176CA4B8-50AB-4EA6-8E0F-48C15DBB4798}.Debug|Any CPU.Build.0 = Debug|Any CPU
		{176CA4B8-50AB-4EA6-8E0F-48C15DBB4798}.Debug|x64.ActiveCfg = Debug|Any CPU
		{176CA4B8-50AB-4EA6-8E0F-48C15DBB4798}.Debug|x86.ActiveCfg = Debug|Any CPU
		{176CA4B8-50AB-4EA6-8E0F-48C15DBB4798}.Release|Any CPU.ActiveCfg = Release|Any CPU
		{176CA4B8-50AB-4EA6-8E0F-48C15DBB4798}.Release|Any CPU.Build.0 = Release|Any CPU
		{176CA4B8-50AB-4EA6-8E0F-48C15DBB4798}.Release|x64.ActiveCfg = Release|Any CPU
		{176CA4B8-50AB-4EA6-8E0F-48C15DBB4798}.Release|x86.ActiveCfg = Release|Any CPU
	EndGlobalSection
	GlobalSection(SolutionProperties) = preSolution
		HideSolutionNode = FALSE
	EndGlobalSection
	GlobalSection(ExtensibilityGlobals) = postSolution
		SolutionGuid = {AB9A1889-0279-4940-BDB8-25D9BC11EBB6}
	EndGlobalSection
EndGlobal
